// !$*UTF8*$!
{
	archiveVersion = 1;
	classes = {
	};
	objectVersion = 46;
	objects = {

/* Begin PBXBuildFile section */
		CA63F0BA1BB97F130074300B /* AppDelegate.swift in Sources */ = {isa = PBXBuildFile; fileRef = CA63F0B91BB97F130074300B /* AppDelegate.swift */; };
		CA63F0BC1BB97F130074300B /* ViewController.swift in Sources */ = {isa = PBXBuildFile; fileRef = CA63F0BB1BB97F130074300B /* ViewController.swift */; };
		CA63F0BF1BB97F130074300B /* Main.storyboard in Resources */ = {isa = PBXBuildFile; fileRef = CA63F0BD1BB97F130074300B /* Main.storyboard */; };
		CA63F0C11BB97F130074300B /* Images.xcassets in Resources */ = {isa = PBXBuildFile; fileRef = CA63F0C01BB97F130074300B /* Images.xcassets */; };
		CA63F0C41BB97F130074300B /* LaunchScreen.xib in Resources */ = {isa = PBXBuildFile; fileRef = CA63F0C21BB97F130074300B /* LaunchScreen.xib */; };
		CA63F0D01BB97F130074300B /* XMLParsingUsinSwiftTests.swift in Sources */ = {isa = PBXBuildFile; fileRef = CA63F0CF1BB97F130074300B /* XMLParsingUsinSwiftTests.swift */; };
/* End PBXBuildFile section */

/* Begin PBXContainerItemProxy section */
		CA63F0CA1BB97F130074300B /* PBXContainerItemProxy */ = {
			isa = PBXContainerItemProxy;
			containerPortal = CA63F0AC1BB97F130074300B /* Project object */;
			proxyType = 1;
			remoteGlobalIDString = CA63F0B31BB97F130074300B;
			remoteInfo = XMLParsingUsinSwift;
		};
/* End PBXContainerItemProxy section */

/* Begin PBXFileReference section */
		CA63F0B41BB97F130074300B /* XMLParsingUsinSwift.app */ = {isa = PBXFileReference; explicitFileType = wrapper.application; includeInIndex = 0; path = XMLParsingUsinSwift.app; sourceTree = BUILT_PRODUCTS_DIR; };
		CA63F0B81BB97F130074300B /* Info.plist */ = {isa = PBXFileReference; lastKnownFileType = text.plist.xml; path = Info.plist; sourceTree = "<group>"; };
		CA63F0B91BB97F130074300B /* AppDelegate.swift */ = {isa = PBXFileReference; lastKnownFileType = sourcecode.swift; path = AppDelegate.swift; sourceTree = "<group>"; };
		CA63F0BB1BB97F130074300B /* ViewController.swift */ = {isa = PBXFileReference; lastKnownFileType = sourcecode.swift; path = ViewController.swift; sourceTree = "<group>"; };
		CA63F0BE1BB97F130074300B /* Base */ = {isa = PBXFileReference; lastKnownFileType = file.storyboard; name = Base; path = Base.lproj/Main.storyboard; sourceTree = "<group>"; };
		CA63F0C01BB97F130074300B /* Images.xcassets */ = {isa = PBXFileReference; lastKnownFileType = folder.assetcatalog; path = Images.xcassets; sourceTree = "<group>"; };
		CA63F0C31BB97F130074300B /* Base */ = {isa = PBXFileReference; lastKnownFileType = file.xib; name = Base; path = Base.lproj/LaunchScreen.xib; sourceTree = "<group>"; };
		CA63F0C91BB97F130074300B /* XMLParsingUsinSwiftTests.xctest */ = {isa = PBXFileReference; explicitFileType = wrapper.cfbundle; includeInIndex = 0; path = XMLParsingUsinSwiftTests.xctest; sourceTree = BUILT_PRODUCTS_DIR; };
		CA63F0CE1BB97F130074300B /* Info.plist */ = {isa = PBXFileReference; lastKnownFileType = text.plist.xml; path = Info.plist; sourceTree = "<group>"; };
		CA63F0CF1BB97F130074300B /* XMLParsingUsinSwiftTests.swift */ = {isa = PBXFileReference; lastKnownFileType = sourcecode.swift; path = XMLParsingUsinSwiftTests.swift; sourceTree = "<group>"; };
/* End PBXFileReference section */

/* Begin PBXFrameworksBuildPhase section */
		CA63F0B11BB97F130074300B /* Frameworks */ = {
			isa = PBXFrameworksBuildPhase;
			buildActionMask = 2147483647;
			files = (
			);
			runOnlyForDeploymentPostprocessing = 0;
		};
		CA63F0C61BB97F130074300B /* Frameworks */ = {
			isa = PBXFrameworksBuildPhase;
			buildActionMask = 2147483647;
			files = (
			);
			runOnlyForDeploymentPostprocessing = 0;
		};
/* End PBXFrameworksBuildPhase section */

/* Begin PBXGroup section */
		CA63F0AB1BB97F130074300B = {
			isa = PBXGroup;
			children = (
				CA63F0B61BB97F130074300B /* XMLParsingUsinSwift */,
				CA63F0CC1BB97F130074300B /* XMLParsingUsinSwiftTests */,
				CA63F0B51BB97F130074300B /* Products */,
			);
			sourceTree = "<group>";
		};
		CA63F0B51BB97F130074300B /* Products */ = {
			isa = PBXGroup;
			children = (
				CA63F0B41BB97F130074300B /* XMLParsingUsinSwift.app */,
				CA63F0C91BB97F130074300B /* XMLParsingUsinSwiftTests.xctest */,
			);
			name = Products;
			sourceTree = "<group>";
		};
		CA63F0B61BB97F130074300B /* XMLParsingUsinSwift */ = {
			isa = PBXGroup;
			children = (
				CA63F0B91BB97F130074300B /* AppDelegate.swift */,
				CA63F0BB1BB97F130074300B /* ViewController.swift */,
				CA63F0BD1BB97F130074300B /* Main.storyboard */,
				CA63F0C01BB97F130074300B /* Images.xcassets */,
				CA63F0C21BB97F130074300B /* LaunchScreen.xib */,
				CA63F0B71BB97F130074300B /* Supporting Files */,
			);
			path = XMLParsingUsinSwift;
			sourceTree = "<group>";
		};
		CA63F0B71BB97F130074300B /* Supporting Files */ = {
			isa = PBXGroup;
			children = (
				CA63F0B81BB97F130074300B /* Info.plist */,
			);
			name = "Supporting Files";
			sourceTree = "<group>";
		};
		CA63F0CC1BB97F130074300B /* XMLParsingUsinSwiftTests */ = {
			isa = PBXGroup;
			children = (
				CA63F0CF1BB97F130074300B /* XMLParsingUsinSwiftTests.swift */,
				CA63F0CD1BB97F130074300B /* Supporting Files */,
			);
			path = XMLParsingUsinSwiftTests;
			sourceTree = "<group>";
		};
		CA63F0CD1BB97F130074300B /* Supporting Files */ = {
			isa = PBXGroup;
			children = (
				CA63F0CE1BB97F130074300B /* Info.plist */,
			);
			name = "Supporting Files";
			sourceTree = "<group>";
		};
/* End PBXGroup section */

/* Begin PBXNativeTarget section */
		CA63F0B31BB97F130074300B /* XMLParsingUsinSwift */ = {
			isa = PBXNativeTarget;
			buildConfigurationList = CA63F0D31BB97F130074300B /* Build configuration list for PBXNativeTarget "XMLParsingUsinSwift" */;
			buildPhases = (
				CA63F0B01BB97F130074300B /* Sources */,
				CA63F0B11BB97F130074300B /* Frameworks */,
				CA63F0B21BB97F130074300B /* Resources */,
			);
			buildRules = (
			);
			dependencies = (
			);
			name = XMLParsingUsinSwift;
			productName = XMLParsingUsinSwift;
			productReference = CA63F0B41BB97F130074300B /* XMLParsingUsinSwift.app */;
			productType = "com.apple.product-type.application";
		};
		CA63F0C81BB97F130074300B /* XMLParsingUsinSwiftTests */ = {
			isa = PBXNativeTarget;
			buildConfigurationList = CA63F0D61BB97F130074300B /* Build configuration list for PBXNativeTarget "XMLParsingUsinSwiftTests" */;
			buildPhases = (
				CA63F0C51BB97F130074300B /* Sources */,
				CA63F0C61BB97F130074300B /* Frameworks */,
				CA63F0C71BB97F130074300B /* Resources */,
			);
			buildRules = (
			);
			dependencies = (
				CA63F0CB1BB97F130074300B /* PBXTargetDependency */,
			);
			name = XMLParsingUsinSwiftTests;
			productName = XMLParsingUsinSwiftTests;
			productReference = CA63F0C91BB97F130074300B /* XMLParsingUsinSwiftTests.xctest */;
			productType = "com.apple.product-type.bundle.unit-test";
		};
/* End PBXNativeTarget section */

/* Begin PBXProject section */
		CA63F0AC1BB97F130074300B /* Project object */ = {
			isa = PBXProject;
			attributes = {
				LastUpgradeCheck = 0630;
				ORGANIZATIONNAME = iHartDevelopers;
				TargetAttributes = {
					CA63F0B31BB97F130074300B = {
						CreatedOnToolsVersion = 6.3.2;
					};
					CA63F0C81BB97F130074300B = {
						CreatedOnToolsVersion = 6.3.2;
						TestTargetID = CA63F0B31BB97F130074300B;
					};
				};
			};
			buildConfigurationList = CA63F0AF1BB97F130074300B /* Build configuration list for PBXProject "XMLParsingUsinSwift" */;
			compatibilityVersion = "Xcode 3.2";
			developmentRegion = English;
			hasScannedForEncodings = 0;
			knownRegions = (
				en,
				Base,
			);
			mainGroup = CA63F0AB1BB97F130074300B;
			productRefGroup = CA63F0B51BB97F130074300B /* Products */;
			projectDirPath = "";
			projectRoot = "";
			targets = (
				CA63F0B31BB97F130074300B /* XMLParsingUsinSwift */,
				CA63F0C81BB97F130074300B /* XMLParsingUsinSwiftTests */,
			);
		};
/* End PBXProject section */

/* Begin PBXResourcesBuildPhase section */
		CA63F0B21BB97F130074300B /* Resources */ = {
			isa = PBXResourcesBuildPhase;
			buildActionMask = 2147483647;
			files = (
				CA63F0BF1BB97F130074300B /* Main.storyboard in Resources */,
				CA63F0C41BB97F130074300B /* LaunchScreen.xib in Resources */,
				CA63F0C11BB97F130074300B /* Images.xcassets in Resources */,
			);
			runOnlyForDeploymentPostprocessing = 0;
		};
		CA63F0C71BB97F130074300B /* Resources */ = {
			isa = PBXResourcesBuildPhase;
			buildActionMask = 2147483647;
			files = (
			);
			runOnlyForDeploymentPostprocessing = 0;
		};
/* End PBXResourcesBuildPhase section */

/* Begin PBXSourcesBuildPhase section */
		CA63F0B01BB97F130074300B /* Sources */ = {
			isa = PBXSourcesBuildPhase;
			buildActionMask = 2147483647;
			files = (
				CA63F0BC1BB97F130074300B /* ViewController.swift in Sources */,
				CA63F0BA1BB97F130074300B /* AppDelegate.swift in Sources */,
			);
			runOnlyForDeploymentPostprocessing = 0;
		};
		CA63F0C51BB97F130074300B /* Sources */ = {
			isa = PBXSourcesBuildPhase;
			buildActionMask = 2147483647;
			files = (
				CA63F0D01BB97F130074300B /* XMLParsingUsinSwiftTests.swift in Sources */,
			);
			runOnlyForDeploymentPostprocessing = 0;
		};
/* End PBXSourcesBuildPhase section */

/* Begin PBXTargetDependency section */
		CA63F0CB1BB97F130074300B /* PBXTargetDependency */ = {
			isa = PBXTargetDependency;
			target = CA63F0B31BB97F130074300B /* XMLParsingUsinSwift */;
			targetProxy = CA63F0CA1BB97F130074300B /* PBXContainerItemProxy */;
		};
/* End PBXTargetDependency section */

/* Begin PBXVariantGroup section */
		CA63F0BD1BB97F130074300B /* Main.storyboard */ = {
			isa = PBXVariantGroup;
			children = (
				CA63F0BE1BB97F130074300B /* Base */,
			);
			name = Main.storyboard;
			sourceTree = "<group>";
		};
		CA63F0C21BB97F130074300B /* LaunchScreen.xib */ = {
			isa = PBXVariantGroup;
			children = (
				CA63F0C31BB97F130074300B /* Base */,
			);
			name = LaunchScreen.xib;
			sourceTree = "<group>";
		};
/* End PBXVariantGroup section */

/* Begin XCBuildConfiguration section */
		CA63F0D11BB97F130074300B /* Debug */ = {
			isa = XCBuildConfiguration;
			buildSettings = {
				ALWAYS_SEARCH_USER_PATHS = NO;
				CLANG_CXX_LANGUAGE_STANDARD = "gnu++0x";
				CLANG_CXX_LIBRARY = "libc++";
				CLANG_ENABLE_MODULES = YES;
				CLANG_ENABLE_OBJC_ARC = YES;
				CLANG_WARN_BOOL_CONVERSION = YES;
				CLANG_WARN_CONSTANT_CONVERSION = YES;
				CLANG_WARN_DIRECT_OBJC_ISA_USAGE = YES_ERROR;
				CLANG_WARN_EMPTY_BODY = YES;
				CLANG_WARN_ENUM_CONVERSION = YES;
				CLANG_WARN_INT_CONVERSION = YES;
				CLANG_WARN_OBJC_ROOT_CLASS = YES_ERROR;
				CLANG_WARN_UNREACHABLE_CODE = YES;
				CLANG_WARN__DUPLICATE_METHOD_MATCH = YES;
				"CODE_SIGN_IDENTITY[sdk=iphoneos*]" = "iPhone Developer";
				COPY_PHASE_STRIP = NO;
				DEBUG_INFORMATION_FORMAT = "dwarf-with-dsym";
				ENABLE_STRICT_OBJC_MSGSEND = YES;
				GCC_C_LANGUAGE_STANDARD = gnu99;
				GCC_DYNAMIC_NO_PIC = NO;
				GCC_NO_COMMON_BLOCKS = YES;
				GCC_OPTIMIZATION_LEVEL = 0;
				GCC_PREPROCESSOR_DEFINITIONS = (
					"DEBUG=1",
					"$(inherited)",
				);
				GCC_SYMBOLS_PRIVATE_EXTERN = NO;
				GCC_WARN_64_TO_32_BIT_CONVERSION = YES;
				GCC_WARN_ABOUT_RETURN_TYPE = YES_ERROR;
				GCC_WARN_UNDECLARED_SELECTOR = YES;
				GCC_WARN_UNINITIALIZED_AUTOS = YES_AGGRESSIVE;
				GCC_WARN_UNUSED_FUNCTION = YES;
				GCC_WARN_UNUSED_VARIABLE = YES;
				IPHONEOS_DEPLOYMENT_TARGET = 8.3;
				MTL_ENABLE_DEBUG_INFO = YES;
				ONLY_ACTIVE_ARCH = YES;
				SDKROOT = iphoneos;
				SWIFT_OPTIMIZATION_LEVEL = "-Onone";
			};
			name = Debug;
		};
		CA63F0D21BB97F130074300B /* Release */ = {
			isa = XCBuildConfiguration;
			buildSettings = {
				ALWAYS_SEARCH_USER_PATHS = NO;
				CLANG_CXX_LANGUAGE_STANDARD = "gnu++0x";
				CLANG_CXX_LIBRARY = "libc++";
				CLANG_ENABLE_MODULES = YES;
				CLANG_ENABLE_OBJC_ARC = YES;
				CLANG_WARN_BOOL_CONVERSION = YES;
				CLANG_WARN_CONSTANT_CONVERSION = YES;
				CLANG_WARN_DIRECT_OBJC_ISA_USAGE = YES_ERROR;
				CLANG_WARN_EMPTY_BODY = YES;
				CLANG_WARN_ENUM_CONVERSION = YES;
				CLANG_WARN_INT_CONVERSION = YES;
				CLANG_WARN_OBJC_ROOT_CLASS = YES_ERROR;
				CLANG_WARN_UNREACHABLE_CODE = YES;
				CLANG_WARN__DUPLICATE_METHOD_MATCH = YES;
				"CODE_SIGN_IDENTITY[sdk=iphoneos*]" = "iPhone Developer";
				COPY_PHASE_STRIP = NO;
				DEBUG_INFORMATION_FORMAT = "dwarf-with-dsym";
				ENABLE_NS_ASSERTIONS = NO;
				ENABLE_STRICT_OBJC_MSGSEND = YES;
				GCC_C_LANGUAGE_STANDARD = gnu99;
				GCC_NO_COMMON_BLOCKS = YES;
				GCC_WARN_64_TO_32_BIT_CONVERSION = YES;
				GCC_WARN_ABOUT_RETURN_TYPE = YES_ERROR;
				GCC_WARN_UNDECLARED_SELECTOR = YES;
				GCC_WARN_UNINITIALIZED_AUTOS = YES_AGGRESSIVE;
				GCC_WARN_UNUSED_FUNCTION = YES;
				GCC_WARN_UNUSED_VARIABLE = YES;
				IPHONEOS_DEPLOYMENT_TARGET = 8.3;
				MTL_ENABLE_DEBUG_INFO = NO;
				SDKROOT = iphoneos;
				VALIDATE_PRODUCT = YES;
			};
			name = Release;
		};
		CA63F0D41BB97F130074300B /* Debug */ = {
			isa = XCBuildConfiguration;
			buildSettings = {
				ASSETCATALOG_COMPILER_APPICON_NAME = AppIcon;
				INFOPLIST_FILE = XMLParsingUsinSwift/Info.plist;
				LD_RUNPATH_SEARCH_PATHS = "$(inherited) @executable_path/Frameworks";
				PRODUCT_NAME = "$(TARGET_NAME)";
			};
			name = Debug;
		};
		CA63F0D51BB97F130074300B /* Release */ = {
			isa = XCBuildConfiguration;
			buildSettings = {
				ASSETCATALOG_COMPILER_APPICON_NAME = AppIcon;
				INFOPLIST_FILE = XMLParsingUsinSwift/Info.plist;
				LD_RUNPATH_SEARCH_PATHS = "$(inherited) @executable_path/Frameworks";
				PRODUCT_NAME = "$(TARGET_NAME)";
			};
			name = Release;
		};
		CA63F0D71BB97F130074300B /* Debug */ = {
			isa = XCBuildConfiguration;
			buildSettings = {
				BUNDLE_LOADER = "$(TEST_HOST)";
				FRAMEWORK_SEARCH_PATHS = (
					"$(SDKROOT)/Developer/Library/Frameworks",
					"$(inherited)",
				);
				GCC_PREPROCESSOR_DEFINITIONS = (
					"DEBUG=1",
					"$(inherited)",
				);
				INFOPLIST_FILE = XMLParsingUsinSwiftTests/Info.plist;
				LD_RUNPATH_SEARCH_PATHS = "$(inherited) @executable_path/Frameworks @loader_path/Frameworks";
				PRODUCT_NAME = "$(TARGET_NAME)";
				TEST_HOST = "$(BUILT_PRODUCTS_DIR)/XMLParsingUsinSwift.app/XMLParsingUsinSwift";
			};
			name = Debug;
		};
		CA63F0D81BB97F130074300B /* Release */ = {
			isa = XCBuildConfiguration;
			buildSettings = {
				BUNDLE_LOADER = "$(TEST_HOST)";
				FRAMEWORK_SEARCH_PATHS = (
					"$(SDKROOT)/Developer/Library/Frameworks",
					"$(inherited)",
				);
				INFOPLIST_FILE = XMLParsingUsinSwiftTests/Info.plist;
				LD_RUNPATH_SEARCH_PATHS = "$(inherited) @executable_path/Frameworks @loader_path/Frameworks";
				PRODUCT_NAME = "$(TARGET_NAME)";
				TEST_HOST = "$(BUILT_PRODUCTS_DIR)/XMLParsingUsinSwift.app/XMLParsingUsinSwift";
			};
			name = Release;
		};
/* End XCBuildConfiguration section */

/* Begin XCConfigurationList section */
		CA63F0AF1BB97F130074300B /* Build configuration list for PBXProject "XMLParsingUsinSwift" */ = {
			isa = XCConfigurationList;
			buildConfigurations = (
				CA63F0D11BB97F130074300B /* Debug */,
				CA63F0D21BB97F130074300B /* Release */,
			);
			defaultConfigurationIsVisible = 0;
			defaultConfigurationName = Release;
		};
		CA63F0D31BB97F130074300B /* Build configuration list for PBXNativeTarget "XMLParsingUsinSwift" */ = {
			isa = XCConfigurationList;
			buildConfigurations = (
				CA63F0D41BB97F130074300B /* Debug */,
				CA63F0D51BB97F130074300B /* Release */,
			);
			defaultConfigurationIsVisible = 0;
			defaultConfigurationName = Release;
		};
		CA63F0D61BB97F130074300B /* Build configuration list for PBXNativeTarget "XMLParsingUsinSwiftTests" */ = {
			isa = XCConfigurationList;
			buildConfigurations = (
				CA63F0D71BB97F130074300B /* Debug */,
				CA63F0D81BB97F130074300B /* Release */,
			);
			defaultConfigurationIsVisible = 0;
			defaultConfigurationName = Release;
		};
/* End XCConfigurationList section */
	};
	rootObject = CA63F0AC1BB97F130074300B /* Project object */;
}
